
Microsoft Visual Studio Solution File, Format Version 12.00
# Visual Studio Version 16
VisualStudioVersion = 16.0.32929.386
MinimumVisualStudioVersion = 10.0.40219.1
Project("{9A19103F-16F7-4668-BE54-9A1E7A4F7556}") = "Loteria", "ConsoleApp1\Loteria.csproj", "{C2AC054A-0829-4E47-A6A2-ECAFDE4E0012}"
EndProject
Global
	GlobalSection(SolutionConfigurationPlatforms) = preSolution
		Debug|Any CPU = Debug|Any CPU
		Release|Any CPU = Release|Any CPU
	EndGlobalSection
	GlobalSection(ProjectConfigurationPlatforms) = postSolution
		{C2AC054A-0829-4E47-A6A2-ECAFDE4E0012}.Debug|Any CPU.ActiveCfg = Debug|Any CPU
		{C2AC054A-0829-4E47-A6A2-ECAFDE4E0012}.Debug|Any CPU.Build.0 = Debug|Any CPU
		{C2AC054A-0829-4E47-A6A2-ECAFDE4E0012}.Release|Any CPU.ActiveCfg = Release|Any CPU
		{C2AC054A-0829-4E47-A6A2-ECAFDE4E0012}.Release|Any CPU.Build.0 = Release|Any CPU
	EndGlobalSection
	GlobalSection(SolutionProperties) = preSolution
		HideSolutionNode = FALSE
	EndGlobalSection
	GlobalSection(ExtensibilityGlobals) = postSolution
		SolutionGuid = {8D337887-EC0F-4D89-BB9F-1FE5611F6061}
	EndGlobalSection
EndGlobal
